{
  "name": "RosterMate-Client",
  "lockfileVersion": 3,
  "requires": true,
  "packages": {
    "": {
      "dependencies": {
        "@syncfusion/ej2-react-grids": "^23.1.41"
      }
    },
    "node_modules/@syncfusion/ej2-base": {
      "version": "23.1.41",
      "resolved": "https://registry.npmjs.org/@syncfusion/ej2-base/-/ej2-base-23.1.41.tgz",
      "integrity": "sha512-ROtvuLIVkKl4eL+ubQjQQLleRMY98nYlxlBaFw4axtiDLoBbzOYtiFXmdP/KE+uNrMquZAwl+aduPX0loG3EAw==",
      "dependencies": {
        "@syncfusion/ej2-icons": "~23.1.36"
      },
      "bin": {
        "syncfusion-license": "bin/syncfusion-license.js"
      }
    },
    "node_modules/@syncfusion/ej2-buttons": {
      "version": "23.1.41",
      "resolved": "https://registry.npmjs.org/@syncfusion/ej2-buttons/-/ej2-buttons-23.1.41.tgz",
      "integrity": "sha512-nuCd8pqSrYFZIcPRGH1fS8GiFEj52X14cl5iSVn+odzi7Nkim6FcwE2yfbEGA8iXUeNcexHUOrq/gu1T2i+6MA==",
      "dependencies": {
        "@syncfusion/ej2-base": "~23.1.41"
      }
    },
    "node_modules/@syncfusion/ej2-calendars": {
      "version": "23.1.41",
      "resolved": "https://registry.npmjs.org/@syncfusion/ej2-calendars/-/ej2-calendars-23.1.41.tgz",
      "integrity": "sha512-f5FdDxdRGeXAHkuu9U2PrYmkjlBq+FtrgMrGXXlDgqB88IgqvhdDmIJCLXAzy9k2LHau4aIbqMo1rkjtFfkRHA==",
      "dependencies": {
        "@syncfusion/ej2-base": "~23.1.41",
        "@syncfusion/ej2-buttons": "~23.1.41",
        "@syncfusion/ej2-inputs": "~23.1.40",
        "@syncfusion/ej2-lists": "~23.1.36",
        "@syncfusion/ej2-popups": "~23.1.38"
      }
    },
    "node_modules/@syncfusion/ej2-compression": {
      "version": "23.1.36",
      "resolved": "https://registry.npmjs.org/@syncfusion/ej2-compression/-/ej2-compression-23.1.36.tgz",
      "integrity": "sha512-3hwsJGQctxhFVg6hVqBnq/f2rWm1J/GSE21PJh86/pK3j1hh7rlPdu/J9oeCpYXxyTmZeRbqJi8mQn8UQ0MxVA==",
      "dependencies": {
        "@syncfusion/ej2-file-utils": "~23.1.36"
      }
    },
    "node_modules/@syncfusion/ej2-data": {
      "version": "23.1.36",
      "resolved": "https://registry.npmjs.org/@syncfusion/ej2-data/-/ej2-data-23.1.36.tgz",
      "integrity": "sha512-9MUJQx48QV63r8TwmsK77OBljBH6D7crB8R0ihf45lzJNxD/Hea3zllCoy7vfG0j19lSwLmMqVHRbhGWCf8JNg==",
      "dependencies": {
        "@syncfusion/ej2-base": "~23.1.36"
      }
    },
    "node_modules/@syncfusion/ej2-dropdowns": {
      "version": "23.1.41",
      "resolved": "https://registry.npmjs.org/@syncfusion/ej2-dropdowns/-/ej2-dropdowns-23.1.41.tgz",
      "integrity": "sha512-qrxMNqI1wXGeCKSxmnFrUm8+dx/ZYvCSlHhKIlipS/EcDRgQy+qh9Mhr6gAMtDzw4ujDMTpJJ9rZOZ/NH2bhRw==",
      "dependencies": {
        "@syncfusion/ej2-base": "~23.1.41",
        "@syncfusion/ej2-data": "~23.1.36",
        "@syncfusion/ej2-inputs": "~23.1.40",
        "@syncfusion/ej2-lists": "~23.1.36",
        "@syncfusion/ej2-navigations": "~23.1.41",
        "@syncfusion/ej2-notifications": "~23.1.40",
        "@syncfusion/ej2-popups": "~23.1.38"
      }
    },
    "node_modules/@syncfusion/ej2-excel-export": {
      "version": "23.1.36",
      "resolved": "https://registry.npmjs.org/@syncfusion/ej2-excel-export/-/ej2-excel-export-23.1.36.tgz",
      "integrity": "sha512-PHXE06PBX/NaDqG7wWiSbImx8XWwoK1Z/dtzriJ6MbXlCTg1r7hfEMGVIDCV7hxxh+hRtxaUmi7TAC8P/wGlRA==",
      "dependencies": {
        "@syncfusion/ej2-base": "~23.1.36",
        "@syncfusion/ej2-compression": "~23.1.36"
      }
    },
    "node_modules/@syncfusion/ej2-file-utils": {
      "version": "23.1.36",
      "resolved": "https://registry.npmjs.org/@syncfusion/ej2-file-utils/-/ej2-file-utils-23.1.36.tgz",
      "integrity": "sha512-RAKfQzKTmbd58OvLm6u+hydA5exRfXWQdta6IIVVMIsfwmt3TW8jajCoEiIxINEoVuC9fy9j2Z23gUYHnYdv8A=="
    },
    "node_modules/@syncfusion/ej2-grids": {
      "version": "23.1.41",
      "resolved": "https://registry.npmjs.org/@syncfusion/ej2-grids/-/ej2-grids-23.1.41.tgz",
      "integrity": "sha512-sF4PXQraUB8tSKeod355tU65iWUlvjb7nP1asIKrfI1cnHRqbZdgX7KMg9eqFolnowYouW9FAWK8EaCGQcZnjQ==",
      "dependencies": {
        "@syncfusion/ej2-base": "~23.1.41",
        "@syncfusion/ej2-buttons": "~23.1.41",
        "@syncfusion/ej2-calendars": "~23.1.41",
        "@syncfusion/ej2-compression": "~23.1.36",
        "@syncfusion/ej2-data": "~23.1.36",
        "@syncfusion/ej2-dropdowns": "~23.1.41",
        "@syncfusion/ej2-excel-export": "~23.1.36",
        "@syncfusion/ej2-file-utils": "~23.1.36",
        "@syncfusion/ej2-inputs": "~23.1.40",
        "@syncfusion/ej2-lists": "~23.1.36",
        "@syncfusion/ej2-navigations": "~23.1.41",
        "@syncfusion/ej2-notifications": "~23.1.40",
        "@syncfusion/ej2-pdf-export": "~23.1.39",
        "@syncfusion/ej2-popups": "~23.1.38",
        "@syncfusion/ej2-splitbuttons": "~23.1.41"
      }
    },
    "node_modules/@syncfusion/ej2-icons": {
      "version": "23.1.36",
      "resolved": "https://registry.npmjs.org/@syncfusion/ej2-icons/-/ej2-icons-23.1.36.tgz",
      "integrity": "sha512-Q7S50bOzXL9X46doNIGSGr61RCY/1RW9iz1U7yyARr2XBQhWnijk+t/FVBk1piR0nioRXbKQcPZOLiEo6zf1xw=="
    },
    "node_modules/@syncfusion/ej2-inputs": {
      "version": "23.1.40",
      "resolved": "https://registry.npmjs.org/@syncfusion/ej2-inputs/-/ej2-inputs-23.1.40.tgz",
      "integrity": "sha512-p6urtcAwrnlYiOZt1/WfgDey5btpzv/EH51h5PxYkXlXKCdtFsVy2cJQPpN3v2h1MV3T8Klb5tn7+u6pSFmW9w==",
      "dependencies": {
        "@syncfusion/ej2-base": "~23.1.38",
        "@syncfusion/ej2-buttons": "~23.1.39",
        "@syncfusion/ej2-popups": "~23.1.38",
        "@syncfusion/ej2-splitbuttons": "~23.1.36"
      }
    },
    "node_modules/@syncfusion/ej2-lists": {
      "version": "23.1.36",
      "resolved": "https://registry.npmjs.org/@syncfusion/ej2-lists/-/ej2-lists-23.1.36.tgz",
      "integrity": "sha512-wPa5c1CZ4khBC47/rAHJVLL3r92CWHiQEFgCjHk7Pyn4ZP/XPCqEX7li652kgeCFzjAgHTVCGU1WIpoyroYcZg==",
      "dependencies": {
        "@syncfusion/ej2-base": "~23.1.36",
        "@syncfusion/ej2-buttons": "~23.1.36",
        "@syncfusion/ej2-data": "~23.1.36"
      }
    },
    "node_modules/@syncfusion/ej2-navigations": {
      "version": "23.1.41",
      "resolved": "https://registry.npmjs.org/@syncfusion/ej2-navigations/-/ej2-navigations-23.1.41.tgz",
      "integrity": "sha512-bZsDL+UG0a7yl6fed2D5o1m78o2fI4pVAP3IOhtL0hEbOC7qf5b+0MdnbqRaQ9s8UBf0X7iNijV3+1Uk6guE7Q==",
      "dependencies": {
        "@syncfusion/ej2-base": "~23.1.41",
        "@syncfusion/ej2-buttons": "~23.1.41",
        "@syncfusion/ej2-data": "~23.1.36",
        "@syncfusion/ej2-inputs": "~23.1.40",
        "@syncfusion/ej2-lists": "~23.1.36",
        "@syncfusion/ej2-popups": "~23.1.38"
      }
    },
    "node_modules/@syncfusion/ej2-notifications": {
      "version": "23.1.40",
      "resolved": "https://registry.npmjs.org/@syncfusion/ej2-notifications/-/ej2-notifications-23.1.40.tgz",
      "integrity": "sha512-xB0U/THNVQN09AK+5DV6f9e7YbvWi5UqhdObCdpZarAMOFUEZBtAIVQRxc1LrINRmRapGU7NMFQj1F1xU7DVyw==",
      "dependencies": {
        "@syncfusion/ej2-base": "~23.1.38",
        "@syncfusion/ej2-buttons": "~23.1.39",
        "@syncfusion/ej2-popups": "~23.1.38"
      }
    },
    "node_modules/@syncfusion/ej2-pdf-export": {
      "version": "23.1.39",
      "resolved": "https://registry.npmjs.org/@syncfusion/ej2-pdf-export/-/ej2-pdf-export-23.1.39.tgz",
      "integrity": "sha512-UopxCxMUKfzc5Lf0lzIm8c/q9WeayfhQhQOr8vjl0r+m9Di3AXBas8TasjfUluGQ661+6ojDmxWVBWLs7fACIg==",
      "dependencies": {
        "@syncfusion/ej2-compression": "~23.1.36"
      }
    },
    "node_modules/@syncfusion/ej2-popups": {
      "version": "23.1.38",
      "resolved": "https://registry.npmjs.org/@syncfusion/ej2-popups/-/ej2-popups-23.1.38.tgz",
      "integrity": "sha512-mnhJ1YLFYcJfetYJIdWbjy8CDbhxhLn9nUkWtld9388Xj7NPychVIyvvrFQQ+Nu839qG/VU08NOuVx+8Z9QU8g==",
      "dependencies": {
        "@syncfusion/ej2-base": "~23.1.38",
        "@syncfusion/ej2-buttons": "~23.1.36"
      }
    },
    "node_modules/@syncfusion/ej2-react-base": {
      "version": "23.1.36",
      "resolved": "https://registry.npmjs.org/@syncfusion/ej2-react-base/-/ej2-react-base-23.1.36.tgz",
      "integrity": "sha512-tjBondPukYCVnM9wqgkxdjeF/Le16OmGuzgJJMLEuMnXJE5SnSi+oqkfudXdn/4yBSm8kt11stwxHP9FE6NdIQ==",
      "dependencies": {
        "@syncfusion/ej2-base": "~23.1.36"
      }
    },
    "node_modules/@syncfusion/ej2-react-grids": {
      "version": "23.1.41",
      "resolved": "https://registry.npmjs.org/@syncfusion/ej2-react-grids/-/ej2-react-grids-23.1.41.tgz",
      "integrity": "sha512-auKnBp2H7X0FCaE+CFhr0aj8s4IdkDWgUoRUjKtr2oP6bmvmAnfWzgARrTQcwYj0VIdo5tQH+WIIGwYQG7Lxrw==",
      "dependencies": {
        "@syncfusion/ej2-base": "~23.1.41",
        "@syncfusion/ej2-grids": "23.1.41",
        "@syncfusion/ej2-react-base": "~23.1.36"
      }
    },
    "node_modules/@syncfusion/ej2-splitbuttons": {
      "version": "23.1.41",
      "resolved": "https://registry.npmjs.org/@syncfusion/ej2-splitbuttons/-/ej2-splitbuttons-23.1.41.tgz",
      "integrity": "sha512-0eGibrFlrqIEZ4pgNF0WVxXUYH5kCqZiS9MzgsO4y9CKx4TQPKAkQw+DJT8qRcaJ3hyzNIi9S0rL6z5IeT58XA==",
      "dependencies": {
        "@syncfusion/ej2-base": "~23.1.41",
        "@syncfusion/ej2-popups": "~23.1.38"
      }
    }
  }
}
